PODS:
  - Masonry (1.1.0)
  - MYImagePicker (0.1.0):
    - Masonry

DEPENDENCIES:
  - MYImagePicker (from `../`)

SPEC REPOS:
  https://github.com/CocoaPods/Specs.git:
    - Masonry

EXTERNAL SOURCES:
  MYImagePicker:
    :path: "../"

SPEC CHECKSUMS:
  Masonry: 678fab65091a9290e40e2832a55e7ab731aad201
  MYImagePicker: 5968ad7a98946913f373bbe3bb70c39742aeb16a

PODFILE CHECKSUM: 8e0c3414d88936e1e4b9da4c99bfb7e9be8fbf0f

COCOAPODS: 1.8.4
